
Microsoft Visual Studio Solution File, Format Version 12.00
# Visual Studio Version 17
VisualStudioVersion = 17.11.35327.3
MinimumVisualStudioVersion = 10.0.40219.1
Project("{FAE04EC0-301F-11D3-BF4B-00C04F79EFBC}") = "FamilyTreeTest", "FamilyTreeTest\FamilyTreeTest.csproj", "{9CC280EA-D652-494F-B257-856AC0533604}"
EndProject
Project("{FAE04EC0-301F-11D3-BF4B-00C04F79EFBC}") = "FamilyTree", "FamilyTree\FamilyTree.csproj", "{6D2D3293-5CCD-43A0-8970-C279B36603CB}"
EndProject
Global
	GlobalSection(SolutionConfigurationPlatforms) = preSolution
		Debug|Any CPU = Debug|Any CPU
		Release|Any CPU = Release|Any CPU
	EndGlobalSection
	GlobalSection(ProjectConfigurationPlatforms) = postSolution
		{9CC280EA-D652-494F-B257-856AC0533604}.Debug|Any CPU.ActiveCfg = Debug|Any CPU
		{9CC280EA-D652-494F-B257-856AC0533604}.Debug|Any CPU.Build.0 = Debug|Any CPU
		{9CC280EA-D652-494F-B257-856AC0533604}.Release|Any CPU.ActiveCfg = Release|Any CPU
		{9CC280EA-D652-494F-B257-856AC0533604}.Release|Any CPU.Build.0 = Release|Any CPU
		{6D2D3293-5CCD-43A0-8970-C279B36603CB}.Debug|Any CPU.ActiveCfg = Debug|Any CPU
		{6D2D3293-5CCD-43A0-8970-C279B36603CB}.Debug|Any CPU.Build.0 = Debug|Any CPU
		{6D2D3293-5CCD-43A0-8970-C279B36603CB}.Release|Any CPU.ActiveCfg = Release|Any CPU
		{6D2D3293-5CCD-43A0-8970-C279B36603CB}.Release|Any CPU.Build.0 = Release|Any CPU
	EndGlobalSection
	GlobalSection(SolutionProperties) = preSolution
		HideSolutionNode = FALSE
	EndGlobalSection
	GlobalSection(ExtensibilityGlobals) = postSolution
		SolutionGuid = {559F3A97-42C7-496D-8F5A-24E1B004BE7D}
	EndGlobalSection
EndGlobal
